Microsoft Visual Studio Solution File, Format Version 12.00
# Visual Studio Version 17
VisualStudioVersion = 17.13.35931.197
MinimumVisualStudioVersion = 10.0.40219.1
Project("{FAE04EC0-301F-11D3-BF4B-00C04F79EFBC}") = "EraaSoft-Task1.Net", "EraaSoft-Task1.Net\EraaSoft-Task1.Net.csproj", "{3075370D-DFD8-47A6-8855-A150D5DC2F76}"
EndProject
Project("{FAE04EC0-301F-11D3-BF4B-00C04F79EFBC}") = "EraaSoft-Task1-Search.Net", "EraaSoft-Task1-Search.Net\EraaSoft-Task1-Search.Net.csproj", "{68CEDA1D-1CD4-4971-B573-88C4BA9A8960}"
EndProject
Project("{FAE04EC0-301F-11D3-BF4B-00C04F79EFBC}") = "Eraasoft-Task2.Net", "Eraasoft-Task2.Net\Eraasoft-Task2.Net.csproj", "{1D5AECD7-2CDB-4A85-96FE-BEA974659FB7}"
EndProject
Project("{FAE04EC0-301F-11D3-BF4B-00C04F79EFBC}") = "Eraasoft-Task3.Net", "Eraasoft-Task3.Net\Eraasoft-Task3.Net.csproj", "{762A32C7-0A94-4D76-B026-77C5881D5152}"
EndProject
Project("{FAE04EC0-301F-11D3-BF4B-00C04F79EFBC}") = "Eraasoft-Task4.Net", "Eraasoft-Task4.Net\Eraasoft-Task4.Net.csproj", "{00CBB99E-A0EC-44E0-B92D-C2410AEBB920}"
EndProject
Project("{FAE04EC0-301F-11D3-BF4B-00C04F79EFBC}") = "Eraasoft-Task4-Search.Net", "Eraasoft-Task4-Search.Net\Eraasoft-Task4-Search.Net.csproj", "{043FF39B-3B16-4E22-A074-87C40193D6BB}"
EndProject
Global
	GlobalSection(SolutionConfigurationPlatforms) = preSolution
		Debug|Any CPU = Debug|Any CPU
		Release|Any CPU = Release|Any CPU
	EndGlobalSection
	GlobalSection(ProjectConfigurationPlatforms) = postSolution
		{3075370D-DFD8-47A6-8855-A150D5DC2F76}.Debug|Any CPU.ActiveCfg = Debug|Any CPU
		{3075370D-DFD8-47A6-8855-A150D5DC2F76}.Debug|Any CPU.Build.0 = Debug|Any CPU
		{3075370D-DFD8-47A6-8855-A150D5DC2F76}.Release|Any CPU.ActiveCfg = Release|Any CPU
		{3075370D-DFD8-47A6-8855-A150D5DC2F76}.Release|Any CPU.Build.0 = Release|Any CPU
		{68CEDA1D-1CD4-4971-B573-88C4BA9A8960}.Debug|Any CPU.ActiveCfg = Debug|Any CPU
		{68CEDA1D-1CD4-4971-B573-88C4BA9A8960}.Debug|Any CPU.Build.0 = Debug|Any CPU
		{68CEDA1D-1CD4-4971-B573-88C4BA9A8960}.Release|Any CPU.ActiveCfg = Release|Any CPU
		{68CEDA1D-1CD4-4971-B573-88C4BA9A8960}.Release|Any CPU.Build.0 = Release|Any CPU
		{1D5AECD7-2CDB-4A85-96FE-BEA974659FB7}.Debug|Any CPU.ActiveCfg = Debug|Any CPU
		{1D5AECD7-2CDB-4A85-96FE-BEA974659FB7}.Debug|Any CPU.Build.0 = Debug|Any CPU
		{1D5AECD7-2CDB-4A85-96FE-BEA974659FB7}.Release|Any CPU.ActiveCfg = Release|Any CPU
		{1D5AECD7-2CDB-4A85-96FE-BEA974659FB7}.Release|Any CPU.Build.0 = Release|Any CPU
		{762A32C7-0A94-4D76-B026-77C5881D5152}.Debug|Any CPU.ActiveCfg = Debug|Any CPU
		{762A32C7-0A94-4D76-B026-77C5881D5152}.Debug|Any CPU.Build.0 = Debug|Any CPU
		{762A32C7-0A94-4D76-B026-77C5881D5152}.Release|Any CPU.ActiveCfg = Release|Any CPU
		{762A32C7-0A94-4D76-B026-77C5881D5152}.Release|Any CPU.Build.0 = Release|Any CPU
		{00CBB99E-A0EC-44E0-B92D-C2410AEBB920}.Debug|Any CPU.ActiveCfg = Debug|Any CPU
		{00CBB99E-A0EC-44E0-B92D-C2410AEBB920}.Debug|Any CPU.Build.0 = Debug|Any CPU
		{00CBB99E-A0EC-44E0-B92D-C2410AEBB920}.Release|Any CPU.ActiveCfg = Release|Any CPU
		{00CBB99E-A0EC-44E0-B92D-C2410AEBB920}.Release|Any CPU.Build.0 = Release|Any CPU
		{043FF39B-3B16-4E22-A074-87C40193D6BB}.Debug|Any CPU.ActiveCfg = Debug|Any CPU
		{043FF39B-3B16-4E22-A074-87C40193D6BB}.Debug|Any CPU.Build.0 = Debug|Any CPU
		{043FF39B-3B16-4E22-A074-87C40193D6BB}.Release|Any CPU.ActiveCfg = Release|Any CPU
		{043FF39B-3B16-4E22-A074-87C40193D6BB}.Release|Any CPU.Build.0 = Release|Any CPU
	EndGlobalSection
	GlobalSection(SolutionProperties) = preSolution
		HideSolutionNode = FALSE
	EndGlobalSection
	GlobalSection(ExtensibilityGlobals) = postSolution
		SolutionGuid = {7754E33D-A633-4405-B2E4-327CDFBB2B39}
	EndGlobalSection
EndGlobal
