
Microsoft Visual Studio Solution File, Format Version 12.00
# Visual Studio Version 17
VisualStudioVersion = 17.14.36301.6
MinimumVisualStudioVersion = 10.0.40219.1
Project("{FAE04EC0-301F-11D3-BF4B-00C04F79EFBC}") = "P01_StudentSystem", "P01_StudentSystem\P01_StudentSystem.csproj", "{875A2651-7E7C-4230-BAF6-F733B1FF2D2B}"
EndProject
Project("{FAE04EC0-301F-11D3-BF4B-00C04F79EFBC}") = "P02_SalesDatabase", "..\P02_SalesDatabase\P02_SalesDatabase.csproj", "{6863722C-739A-4134-815E-026F0D613BA1}"
EndProject
Global
	GlobalSection(SolutionConfigurationPlatforms) = preSolution
		Debug|Any CPU = Debug|Any CPU
		Release|Any CPU = Release|Any CPU
	EndGlobalSection
	GlobalSection(ProjectConfigurationPlatforms) = postSolution
		{875A2651-7E7C-4230-BAF6-F733B1FF2D2B}.Debug|Any CPU.ActiveCfg = Debug|Any CPU
		{875A2651-7E7C-4230-BAF6-F733B1FF2D2B}.Debug|Any CPU.Build.0 = Debug|Any CPU
		{875A2651-7E7C-4230-BAF6-F733B1FF2D2B}.Release|Any CPU.ActiveCfg = Release|Any CPU
		{875A2651-7E7C-4230-BAF6-F733B1FF2D2B}.Release|Any CPU.Build.0 = Release|Any CPU
		{6863722C-739A-4134-815E-026F0D613BA1}.Debug|Any CPU.ActiveCfg = Debug|Any CPU
		{6863722C-739A-4134-815E-026F0D613BA1}.Debug|Any CPU.Build.0 = Debug|Any CPU
		{6863722C-739A-4134-815E-026F0D613BA1}.Release|Any CPU.ActiveCfg = Release|Any CPU
		{6863722C-739A-4134-815E-026F0D613BA1}.Release|Any CPU.Build.0 = Release|Any CPU
	EndGlobalSection
	GlobalSection(SolutionProperties) = preSolution
		HideSolutionNode = FALSE
	EndGlobalSection
	GlobalSection(ExtensibilityGlobals) = postSolution
		SolutionGuid = {C6332227-B022-4F71-8CFC-D06F4A6A8AE1}
	EndGlobalSection
EndGlobal
